
Microsoft Visual Studio Solution File, Format Version 12.00
# Visual Studio Version 16
VisualStudioVersion = 16.0.30104.148
MinimumVisualStudioVersion = 10.0.40219.1
Project("{FAE04EC0-301F-11D3-BF4B-00C04F79EFBC}") = "ConsoleEnumTest", "ConsoleEnumTest\ConsoleEnumTest.csproj", "{BF259526-C447-43BA-86C3-7C81B4E717F0}"
EndProject
Global
	GlobalSection(SolutionConfigurationPlatforms) = preSolution
		Debug|Any CPU = Debug|Any CPU
		Release|Any CPU = Release|Any CPU
	EndGlobalSection
	GlobalSection(ProjectConfigurationPlatforms) = postSolution
		{BF259526-C447-43BA-86C3-7C81B4E717F0}.Debug|Any CPU.ActiveCfg = Debug|Any CPU
		{BF259526-C447-43BA-86C3-7C81B4E717F0}.Debug|Any CPU.Build.0 = Debug|Any CPU
		{BF259526-C447-43BA-86C3-7C81B4E717F0}.Release|Any CPU.ActiveCfg = Release|Any CPU
		{BF259526-C447-43BA-86C3-7C81B4E717F0}.Release|Any CPU.Build.0 = Release|Any CPU
	EndGlobalSection
	GlobalSection(SolutionProperties) = preSolution
		HideSolutionNode = FALSE
	EndGlobalSection
	GlobalSection(ExtensibilityGlobals) = postSolution
		SolutionGuid = {50094EED-F3B5-408E-AE2F-092D1A1CF5F8}
	EndGlobalSection
EndGlobal
